// !$*UTF8*$!
{
	archiveVersion = 1;
	classes = {
	};
	objectVersion = 46;
	objects = {

/* Begin PBXBuildFile section */
		1369653C1D513390003F1C49 /* AppDelegate.swift in Sources */ = {isa = PBXBuildFile; fileRef = 1369653B1D513390003F1C49 /* AppDelegate.swift */; };
		1369653E1D513390003F1C49 /* ViewController.swift in Sources */ = {isa = PBXBuildFile; fileRef = 1369653D1D513390003F1C49 /* ViewController.swift */; };
		136965411D513391003F1C49 /* Main.storyboard in Resources */ = {isa = PBXBuildFile; fileRef = 1369653F1D513391003F1C49 /* Main.storyboard */; };
		136965441D513391003F1C49 /* LabTest2_Map.xcdatamodeld in Sources */ = {isa = PBXBuildFile; fileRef = 136965421D513391003F1C49 /* LabTest2_Map.xcdatamodeld */; };
		136965461D513391003F1C49 /* Assets.xcassets in Resources */ = {isa = PBXBuildFile; fileRef = 136965451D513391003F1C49 /* Assets.xcassets */; };
		136965491D513391003F1C49 /* LaunchScreen.storyboard in Resources */ = {isa = PBXBuildFile; fileRef = 136965471D513391003F1C49 /* LaunchScreen.storyboard */; };
		136965511D51349F003F1C49 /* CoreLocation.framework in Frameworks */ = {isa = PBXBuildFile; fileRef = 136965501D51349F003F1C49 /* CoreLocation.framework */; };
		136965531D5134AB003F1C49 /* MapKit.framework in Frameworks */ = {isa = PBXBuildFile; fileRef = 136965521D5134AB003F1C49 /* MapKit.framework */; };
/* End PBXBuildFile section */

/* Begin PBXFileReference section */
		136965381D513390003F1C49 /* MapOverlay.app */ = {isa = PBXFileReference; explicitFileType = wrapper.application; includeInIndex = 0; path = MapOverlay.app; sourceTree = BUILT_PRODUCTS_DIR; };
		1369653B1D513390003F1C49 /* AppDelegate.swift */ = {isa = PBXFileReference; lastKnownFileType = sourcecode.swift; path = AppDelegate.swift; sourceTree = "<group>"; };
		1369653D1D513390003F1C49 /* ViewController.swift */ = {isa = PBXFileReference; lastKnownFileType = sourcecode.swift; path = ViewController.swift; sourceTree = "<group>"; };
		136965401D513391003F1C49 /* Base */ = {isa = PBXFileReference; lastKnownFileType = file.storyboard; name = Base; path = Base.lproj/Main.storyboard; sourceTree = "<group>"; };
		136965431D513391003F1C49 /* LabTest2_Map.xcdatamodel */ = {isa = PBXFileReference; lastKnownFileType = wrapper.xcdatamodel; path = LabTest2_Map.xcdatamodel; sourceTree = "<group>"; };
		136965451D513391003F1C49 /* Assets.xcassets */ = {isa = PBXFileReference; lastKnownFileType = folder.assetcatalog; path = Assets.xcassets; sourceTree = "<group>"; };
		136965481D513391003F1C49 /* Base */ = {isa = PBXFileReference; lastKnownFileType = file.storyboard; name = Base; path = Base.lproj/LaunchScreen.storyboard; sourceTree = "<group>"; };
		1369654A1D513391003F1C49 /* Info.plist */ = {isa = PBXFileReference; lastKnownFileType = text.plist.xml; path = Info.plist; sourceTree = "<group>"; };
		136965501D51349F003F1C49 /* CoreLocation.framework */ = {isa = PBXFileReference; lastKnownFileType = wrapper.framework; name = CoreLocation.framework; path = System/Library/Frameworks/CoreLocation.framework; sourceTree = SDKROOT; };
		136965521D5134AB003F1C49 /* MapKit.framework */ = {isa = PBXFileReference; lastKnownFileType = wrapper.framework; name = MapKit.framework; path = System/Library/Frameworks/MapKit.framework; sourceTree = SDKROOT; };
/* End PBXFileReference section */

/* Begin PBXFrameworksBuildPhase section */
		136965351D513390003F1C49 /* Frameworks */ = {
			isa = PBXFrameworksBuildPhase;
			buildActionMask = 2147483647;
			files = (
				136965531D5134AB003F1C49 /* MapKit.framework in Frameworks */,
				136965511D51349F003F1C49 /* CoreLocation.framework in Frameworks */,
			);
			runOnlyForDeploymentPostprocessing = 0;
		};
/* End PBXFrameworksBuildPhase section */

/* Begin PBXGroup section */
		1369652F1D513390003F1C49 = {
			isa = PBXGroup;
			children = (
				136965521D5134AB003F1C49 /* MapKit.framework */,
				136965501D51349F003F1C49 /* CoreLocation.framework */,
				1369653A1D513390003F1C49 /* MapOverlay */,
				136965391D513390003F1C49 /* Products */,
			);
			sourceTree = "<group>";
		};
		136965391D513390003F1C49 /* Products */ = {
			isa = PBXGroup;
			children = (
				136965381D513390003F1C49 /* MapOverlay.app */,
			);
			name = Products;
			sourceTree = "<group>";
		};
		1369653A1D513390003F1C49 /* MapOverlay */ = {
			isa = PBXGroup;
			children = (
				1369653B1D513390003F1C49 /* AppDelegate.swift */,
				1369653D1D513390003F1C49 /* ViewController.swift */,
				1369653F1D513391003F1C49 /* Main.storyboard */,
				136965451D513391003F1C49 /* Assets.xcassets */,
				136965471D513391003F1C49 /* LaunchScreen.storyboard */,
				1369654A1D513391003F1C49 /* Info.plist */,
				136965421D513391003F1C49 /* LabTest2_Map.xcdatamodeld */,
			);
			name = MapOverlay;
			path = LabTest2_Map;
			sourceTree = "<group>";
		};
/* End PBXGroup section */

/* Begin PBXNativeTarget section */
		136965371D513390003F1C49 /* MapOverlay */ = {
			isa = PBXNativeTarget;
			buildConfigurationList = 1369654D1D513391003F1C49 /* Build configuration list for PBXNativeTarget "MapOverlay" */;
			buildPhases = (
				136965341D513390003F1C49 /* Sources */,
				136965351D513390003F1C49 /* Frameworks */,
				136965361D513390003F1C49 /* Resources */,
			);
			buildRules = (
			);
			dependencies = (
			);
			name = MapOverlay;
			productName = LabTest2_Map;
			productReference = 136965381D513390003F1C49 /* MapOverlay.app */;
			productType = "com.apple.product-type.application";
		};
/* End PBXNativeTarget section */

/* Begin PBXProject section */
		136965301D513390003F1C49 /* Project object */ = {
			isa = PBXProject;
			attributes = {
				LastSwiftUpdateCheck = 0730;
				LastUpgradeCheck = 0820;
				ORGANIZATIONNAME = "Berkay AYAZ";
				TargetAttributes = {
					136965371D513390003F1C49 = {
						CreatedOnToolsVersion = 7.3.1;
						LastSwiftMigration = 0820;
					};
				};
			};
			buildConfigurationList = 136965331D513390003F1C49 /* Build configuration list for PBXProject "MapOverlay" */;
			compatibilityVersion = "Xcode 3.2";
			developmentRegion = English;
			hasScannedForEncodings = 0;
			knownRegions = (
				en,
				Base,
			);
			mainGroup = 1369652F1D513390003F1C49;
			productRefGroup = 136965391D513390003F1C49 /* Products */;
			projectDirPath = "";
			projectRoot = "";
			targets = (
				136965371D513390003F1C49 /* MapOverlay */,
			);
		};
/* End PBXProject section */

/* Begin PBXResourcesBuildPhase section */
		136965361D513390003F1C49 /* Resources */ = {
			isa = PBXResourcesBuildPhase;
			buildActionMask = 2147483647;
			files = (
				136965491D513391003F1C49 /* LaunchScreen.storyboard in Resources */,
				136965461D513391003F1C49 /* Assets.xcassets in Resources */,
				136965411D513391003F1C49 /* Main.storyboard in Resources */,
			);
			runOnlyForDeploymentPostprocessing = 0;
		};
/* End PBXResourcesBuildPhase section */

/* Begin PBXSourcesBuildPhase section */
		136965341D513390003F1C49 /* Sources */ = {
			isa = PBXSourcesBuildPhase;
			buildActionMask = 2147483647;
			files = (
				1369653E1D513390003F1C49 /* ViewController.swift in Sources */,
				136965441D513391003F1C49 /* LabTest2_Map.xcdatamodeld in Sources */,
				1369653C1D513390003F1C49 /* AppDelegate.swift in Sources */,
			);
			runOnlyForDeploymentPostprocessing = 0;
		};
/* End PBXSourcesBuildPhase section */

/* Begin PBXVariantGroup section */
		1369653F1D513391003F1C49 /* Main.storyboard */ = {
			isa = PBXVariantGroup;
			children = (
				136965401D513391003F1C49 /* Base */,
			);
			name = Main.storyboard;
			sourceTree = "<group>";
		};
		136965471D513391003F1C49 /* LaunchScreen.storyboard */ = {
			isa = PBXVariantGroup;
			children = (
				136965481D513391003F1C49 /* Base */,
			);
			name = LaunchScreen.storyboard;
			sourceTree = "<group>";
		};
/* End PBXVariantGroup section */

/* Begin XCBuildConfiguration section */
		1369654B1D513391003F1C49 /* Debug */ = {
			isa = XCBuildConfiguration;
			buildSettings = {
				ALWAYS_SEARCH_USER_PATHS = NO;
				CLANG_ANALYZER_NONNULL = YES;
				CLANG_CXX_LANGUAGE_STANDARD = "gnu++0x";
				CLANG_CXX_LIBRARY = "libc++";
				CLANG_ENABLE_MODULES = YES;
				CLANG_ENABLE_OBJC_ARC = YES;
				CLANG_WARN_BOOL_CONVERSION = YES;
				CLANG_WARN_CONSTANT_CONVERSION = YES;
				CLANG_WARN_DIRECT_OBJC_ISA_USAGE = YES_ERROR;
				CLANG_WARN_EMPTY_BODY = YES;
				CLANG_WARN_ENUM_CONVERSION = YES;
				CLANG_WARN_INFINITE_RECURSION = YES;
				CLANG_WARN_INT_CONVERSION = YES;
				CLANG_WARN_OBJC_ROOT_CLASS = YES_ERROR;
				CLANG_WARN_SUSPICIOUS_MOVE = YES;
				CLANG_WARN_UNREACHABLE_CODE = YES;
				CLANG_WARN__DUPLICATE_METHOD_MATCH = YES;
				"CODE_SIGN_IDENTITY[sdk=iphoneos*]" = "iPhone Developer";
				COPY_PHASE_STRIP = NO;
				DEBUG_INFORMATION_FORMAT = dwarf;
				ENABLE_STRICT_OBJC_MSGSEND = YES;
				ENABLE_TESTABILITY = YES;
				GCC_C_LANGUAGE_STANDARD = gnu99;
				GCC_DYNAMIC_NO_PIC = NO;
				GCC_NO_COMMON_BLOCKS = YES;
				GCC_OPTIMIZATION_LEVEL = 0;
				GCC_PREPROCESSOR_DEFINITIONS = (
					"DEBUG=1",
					"$(inherited)",
				);
				GCC_WARN_64_TO_32_BIT_CONVERSION = YES;
				GCC_WARN_ABOUT_RETURN_TYPE = YES_ERROR;
				GCC_WARN_UNDECLARED_SELECTOR = YES;
				GCC_WARN_UNINITIALIZED_AUTOS = YES_AGGRESSIVE;
				GCC_WARN_UNUSED_FUNCTION = YES;
				GCC_WARN_UNUSED_VARIABLE = YES;
				IPHONEOS_DEPLOYMENT_TARGET = 9.3;
				MTL_ENABLE_DEBUG_INFO = YES;
				ONLY_ACTIVE_ARCH = YES;
				SDKROOT = iphoneos;
				SWIFT_OPTIMIZATION_LEVEL = "-Onone";
			};
			name = Debug;
		};
		1369654C1D513391003F1C49 /* Release */ = {
			isa = XCBuildConfiguration;
			buildSettings = {
				ALWAYS_SEARCH_USER_PATHS = NO;
				CLANG_ANALYZER_NONNULL = YES;
				CLANG_CXX_LANGUAGE_STANDARD = "gnu++0x";
				CLANG_CXX_LIBRARY = "libc++";
				CLANG_ENABLE_MODULES = YES;
				CLANG_ENABLE_OBJC_ARC = YES;
				CLANG_WARN_BOOL_CONVERSION = YES;
				CLANG_WARN_CONSTANT_CONVERSION = YES;
				CLANG_WARN_DIRECT_OBJC_ISA_USAGE = YES_ERROR;
				CLANG_WARN_EMPTY_BODY = YES;
				CLANG_WARN_ENUM_CONVERSION = YES;
				CLANG_WARN_INFINITE_RECURSION = YES;
				CLANG_WARN_INT_CONVERSION = YES;
				CLANG_WARN_OBJC_ROOT_CLASS = YES_ERROR;
				CLANG_WARN_SUSPICIOUS_MOVE = YES;
				CLANG_WARN_UNREACHABLE_CODE = YES;
				CLANG_WARN__DUPLICATE_METHOD_MATCH = YES;
				"CODE_SIGN_IDENTITY[sdk=iphoneos*]" = "iPhone Developer";
				COPY_PHASE_STRIP = NO;
				DEBUG_INFORMATION_FORMAT = "dwarf-with-dsym";
				ENABLE_NS_ASSERTIONS = NO;
				ENABLE_STRICT_OBJC_MSGSEND = YES;
				GCC_C_LANGUAGE_STANDARD = gnu99;
				GCC_NO_COMMON_BLOCKS = YES;
				GCC_WARN_64_TO_32_BIT_CONVERSION = YES;
				GCC_WARN_ABOUT_RETURN_TYPE = YES_ERROR;
				GCC_WARN_UNDECLARED_SELECTOR = YES;
				GCC_WARN_UNINITIALIZED_AUTOS = YES_AGGRESSIVE;
				GCC_WARN_UNUSED_FUNCTION = YES;
				GCC_WARN_UNUSED_VARIABLE = YES;
				IPHONEOS_DEPLOYMENT_TARGET = 9.3;
				MTL_ENABLE_DEBUG_INFO = NO;
				SDKROOT = iphoneos;
				SWIFT_OPTIMIZATION_LEVEL = "-Owholemodule";
				VALIDATE_PRODUCT = YES;
			};
			name = Release;
		};
		1369654E1D513391003F1C49 /* Debug */ = {
			isa = XCBuildConfiguration;
			buildSettings = {
				ASSETCATALOG_COMPILER_APPICON_NAME = AppIcon;
				INFOPLIST_FILE = LabTest2_Map/Info.plist;
				LD_RUNPATH_SEARCH_PATHS = "$(inherited) @executable_path/Frameworks";
				PRODUCT_BUNDLE_IDENTIFIER = first.test.MapOverlay;
				PRODUCT_NAME = "$(TARGET_NAME)";
				SWIFT_VERSION = 3.0;
			};
			name = Debug;
		};
		1369654F1D513391003F1C49 /* Release */ = {
			isa = XCBuildConfiguration;
			buildSettings = {
				ASSETCATALOG_COMPILER_APPICON_NAME = AppIcon;
				INFOPLIST_FILE = LabTest2_Map/Info.plist;
				LD_RUNPATH_SEARCH_PATHS = "$(inherited) @executable_path/Frameworks";
				PRODUCT_BUNDLE_IDENTIFIER = first.test.MapOverlay;
				PRODUCT_NAME = "$(TARGET_NAME)";
				SWIFT_VERSION = 3.0;
			};
			name = Release;
		};
/* End XCBuildConfiguration section */

/* Begin XCConfigurationList section */
		136965331D513390003F1C49 /* Build configuration list for PBXProject "MapOverlay" */ = {
			isa = XCConfigurationList;
			buildConfigurations = (
				1369654B1D513391003F1C49 /* Debug */,
				1369654C1D513391003F1C49 /* Release */,
			);
			defaultConfigurationIsVisible = 0;
			defaultConfigurationName = Release;
		};
		1369654D1D513391003F1C49 /* Build configuration list for PBXNativeTarget "MapOverlay" */ = {
			isa = XCConfigurationList;
			buildConfigurations = (
				1369654E1D513391003F1C49 /* Debug */,
				1369654F1D513391003F1C49 /* Release */,
			);
			defaultConfigurationIsVisible = 0;
			defaultConfigurationName = Release;
		};
/* End XCConfigurationList section */

/* Begin XCVersionGroup section */
		136965421D513391003F1C49 /* LabTest2_Map.xcdatamodeld */ = {
			isa = XCVersionGroup;
			children = (
				136965431D513391003F1C49 /* LabTest2_Map.xcdatamodel */,
			);
			currentVersion = 136965431D513391003F1C49 /* LabTest2_Map.xcdatamodel */;
			path = LabTest2_Map.xcdatamodeld;
			sourceTree = "<group>";
			versionGroupType = wrapper.xcdatamodel;
		};
/* End XCVersionGroup section */
	};
	rootObject = 136965301D513390003F1C49 /* Project object */;
}
